// !$*UTF8*$!
{
	archiveVersion = 1;
	classes = {
	};
	objectVersion = 46;
	objects = {

/* Begin PBXBuildFile section */
		0883CA561CC4C9A90073193D /* main.m in Sources */ = {isa = PBXBuildFile; fileRef = 0883CA551CC4C9A90073193D /* main.m */; };
		0883CA5E1CC4C9DF0073193D /* mytest.m in Sources */ = {isa = PBXBuildFile; fileRef = 0883CA5D1CC4C9DF0073193D /* mytest.m */; };
/* End PBXBuildFile section */

/* Begin PBXCopyFilesBuildPhase section */
		0883CA501CC4C9A90073193D /* CopyFiles */ = {
			isa = PBXCopyFilesBuildPhase;
			buildActionMask = 2147483647;
			dstPath = /usr/share/man/man1/;
			dstSubfolderSpec = 0;
			files = (
			);
			runOnlyForDeploymentPostprocessing = 1;
		};
/* End PBXCopyFilesBuildPhase section */

/* Begin PBXFileReference section */
		0883CA521CC4C9A90073193D /* LoadAndInitializer */ = {isa = PBXFileReference; explicitFileType = "compiled.mach-o.executable"; includeInIndex = 0; path = LoadAndInitializer; sourceTree = BUILT_PRODUCTS_DIR; };
		0883CA551CC4C9A90073193D /* main.m */ = {isa = PBXFileReference; lastKnownFileType = sourcecode.c.objc; path = main.m; sourceTree = "<group>"; };
		0883CA5C1CC4C9DF0073193D /* mytest.h */ = {isa = PBXFileReference; fileEncoding = 4; lastKnownFileType = sourcecode.c.h; path = mytest.h; sourceTree = "<group>"; };
		0883CA5D1CC4C9DF0073193D /* mytest.m */ = {isa = PBXFileReference; fileEncoding = 4; lastKnownFileType = sourcecode.c.objc; path = mytest.m; sourceTree = "<group>"; };
/* End PBXFileReference section */

/* Begin PBXFrameworksBuildPhase section */
		0883CA4F1CC4C9A90073193D /* Frameworks */ = {
			isa = PBXFrameworksBuildPhase;
			buildActionMask = 2147483647;
			files = (
			);
			runOnlyForDeploymentPostprocessing = 0;
		};
/* End PBXFrameworksBuildPhase section */

/* Begin PBXGroup section */
		0883CA491CC4C9A90073193D = {
			isa = PBXGroup;
			children = (
				0883CA5C1CC4C9DF0073193D /* mytest.h */,
				0883CA5D1CC4C9DF0073193D /* mytest.m */,
				0883CA541CC4C9A90073193D /* LoadAndInitializer */,
				0883CA531CC4C9A90073193D /* Products */,
			);
			sourceTree = "<group>";
		};
		0883CA531CC4C9A90073193D /* Products */ = {
			isa = PBXGroup;
			children = (
				0883CA521CC4C9A90073193D /* LoadAndInitializer */,
			);
			name = Products;
			sourceTree = "<group>";
		};
		0883CA541CC4C9A90073193D /* LoadAndInitializer */ = {
			isa = PBXGroup;
			children = (
				0883CA551CC4C9A90073193D /* main.m */,
			);
			path = LoadAndInitializer;
			sourceTree = "<group>";
		};
/* End PBXGroup section */

/* Begin PBXNativeTarget section */
		0883CA511CC4C9A90073193D /* LoadAndInitializer */ = {
			isa = PBXNativeTarget;
			buildConfigurationList = 0883CA591CC4C9A90073193D /* Build configuration list for PBXNativeTarget "LoadAndInitializer" */;
			buildPhases = (
				0883CA4E1CC4C9A90073193D /* Sources */,
				0883CA4F1CC4C9A90073193D /* Frameworks */,
				0883CA501CC4C9A90073193D /* CopyFiles */,
			);
			buildRules = (
			);
			dependencies = (
			);
			name = LoadAndInitializer;
			productName = LoadAndInitializer;
			productReference = 0883CA521CC4C9A90073193D /* LoadAndInitializer */;
			productType = "com.apple.product-type.tool";
		};
/* End PBXNativeTarget section */

/* Begin PBXProject section */
		0883CA4A1CC4C9A90073193D /* Project object */ = {
			isa = PBXProject;
			attributes = {
				LastUpgradeCheck = 0730;
				ORGANIZATIONNAME = AlexYang;
				TargetAttributes = {
					0883CA511CC4C9A90073193D = {
						CreatedOnToolsVersion = 7.3;
					};
				};
			};
			buildConfigurationList = 0883CA4D1CC4C9A90073193D /* Build configuration list for PBXProject "LoadAndInitializer" */;
			compatibilityVersion = "Xcode 3.2";
			developmentRegion = English;
			hasScannedForEncodings = 0;
			knownRegions = (
				en,
			);
			mainGroup = 0883CA491CC4C9A90073193D;
			productRefGroup = 0883CA531CC4C9A90073193D /* Products */;
			projectDirPath = "";
			projectRoot = "";
			targets = (
				0883CA511CC4C9A90073193D /* LoadAndInitializer */,
			);
		};
/* End PBXProject section */

/* Begin PBXSourcesBuildPhase section */
		0883CA4E1CC4C9A90073193D /* Sources */ = {
			isa = PBXSourcesBuildPhase;
			buildActionMask = 2147483647;
			files = (
				0883CA561CC4C9A90073193D /* main.m in Sources */,
				0883CA5E1CC4C9DF0073193D /* mytest.m in Sources */,
			);
			runOnlyForDeploymentPostprocessing = 0;
		};
/* End PBXSourcesBuildPhase section */

/* Begin XCBuildConfiguration section */
		0883CA571CC4C9A90073193D /* Debug */ = {
			isa = XCBuildConfiguration;
			buildSettings = {
				ALWAYS_SEARCH_USER_PATHS = NO;
				CLANG_ANALYZER_NONNULL = YES;
				CLANG_CXX_LANGUAGE_STANDARD = "gnu++0x";
				CLANG_CXX_LIBRARY = "libc++";
				CLANG_ENABLE_MODULES = YES;
				CLANG_ENABLE_OBJC_ARC = YES;
				CLANG_WARN_BOOL_CONVERSION = YES;
				CLANG_WARN_CONSTANT_CONVERSION = YES;
				CLANG_WARN_DIRECT_OBJC_ISA_USAGE = YES_ERROR;
				CLANG_WARN_EMPTY_BODY = YES;
				CLANG_WARN_ENUM_CONVERSION = YES;
				CLANG_WARN_INT_CONVERSION = YES;
				CLANG_WARN_OBJC_ROOT_CLASS = YES_ERROR;
				CLANG_WARN_UNREACHABLE_CODE = YES;
				CLANG_WARN__DUPLICATE_METHOD_MATCH = YES;
				CODE_SIGN_IDENTITY = "-";
				COPY_PHASE_STRIP = NO;
				DEBUG_INFORMATION_FORMAT = dwarf;
				ENABLE_STRICT_OBJC_MSGSEND = YES;
				ENABLE_TESTABILITY = YES;
				GCC_C_LANGUAGE_STANDARD = gnu99;
				GCC_DYNAMIC_NO_PIC = NO;
				GCC_NO_COMMON_BLOCKS = YES;
				GCC_OPTIMIZATION_LEVEL = 0;
				GCC_PREPROCESSOR_DEFINITIONS = (
					"DEBUG=1",
					"$(inherited)",
				);
				GCC_WARN_64_TO_32_BIT_CONVERSION = YES;
				GCC_WARN_ABOUT_RETURN_TYPE = YES_ERROR;
				GCC_WARN_UNDECLARED_SELECTOR = YES;
				GCC_WARN_UNINITIALIZED_AUTOS = YES_AGGRESSIVE;
				GCC_WARN_UNUSED_FUNCTION = YES;
				GCC_WARN_UNUSED_VARIABLE = YES;
				MACOSX_DEPLOYMENT_TARGET = 10.11;
				MTL_ENABLE_DEBUG_INFO = YES;
				ONLY_ACTIVE_ARCH = YES;
				SDKROOT = macosx;
			};
			name = Debug;
		};
		0883CA581CC4C9A90073193D /* Release */ = {
			isa = XCBuildConfiguration;
			buildSettings = {
				ALWAYS_SEARCH_USER_PATHS = NO;
				CLANG_ANALYZER_NONNULL = YES;
				CLANG_CXX_LANGUAGE_STANDARD = "gnu++0x";
				CLANG_CXX_LIBRARY = "libc++";
				CLANG_ENABLE_MODULES = YES;
				CLANG_ENABLE_OBJC_ARC = YES;
				CLANG_WARN_BOOL_CONVERSION = YES;
				CLANG_WARN_CONSTANT_CONVERSION = YES;
				CLANG_WARN_DIRECT_OBJC_ISA_USAGE = YES_ERROR;
				CLANG_WARN_EMPTY_BODY = YES;
				CLANG_WARN_ENUM_CONVERSION = YES;
				CLANG_WARN_INT_CONVERSION = YES;
				CLANG_WARN_OBJC_ROOT_CLASS = YES_ERROR;
				CLANG_WARN_UNREACHABLE_CODE = YES;
				CLANG_WARN__DUPLICATE_METHOD_MATCH = YES;
				CODE_SIGN_IDENTITY = "-";
				COPY_PHASE_STRIP = NO;
				DEBUG_INFORMATION_FORMAT = "dwarf-with-dsym";
				ENABLE_NS_ASSERTIONS = NO;
				ENABLE_STRICT_OBJC_MSGSEND = YES;
				GCC_C_LANGUAGE_STANDARD = gnu99;
				GCC_NO_COMMON_BLOCKS = YES;
				GCC_WARN_64_TO_32_BIT_CONVERSION = YES;
				GCC_WARN_ABOUT_RETURN_TYPE = YES_ERROR;
				GCC_WARN_UNDECLARED_SELECTOR = YES;
				GCC_WARN_UNINITIALIZED_AUTOS = YES_AGGRESSIVE;
				GCC_WARN_UNUSED_FUNCTION = YES;
				GCC_WARN_UNUSED_VARIABLE = YES;
				MACOSX_DEPLOYMENT_TARGET = 10.11;
				MTL_ENABLE_DEBUG_INFO = NO;
				SDKROOT = macosx;
			};
			name = Release;
		};
		0883CA5A1CC4C9A90073193D /* Debug */ = {
			isa = XCBuildConfiguration;
			buildSettings = {
				PRODUCT_NAME = "$(TARGET_NAME)";
			};
			name = Debug;
		};
		0883CA5B1CC4C9A90073193D /* Release */ = {
			isa = XCBuildConfiguration;
			buildSettings = {
				PRODUCT_NAME = "$(TARGET_NAME)";
			};
			name = Release;
		};
/* End XCBuildConfiguration section */

/* Begin XCConfigurationList section */
		0883CA4D1CC4C9A90073193D /* Build configuration list for PBXProject "LoadAndInitializer" */ = {
			isa = XCConfigurationList;
			buildConfigurations = (
				0883CA571CC4C9A90073193D /* Debug */,
				0883CA581CC4C9A90073193D /* Release */,
			);
			defaultConfigurationIsVisible = 0;
			defaultConfigurationName = Release;
		};
		0883CA591CC4C9A90073193D /* Build configuration list for PBXNativeTarget "LoadAndInitializer" */ = {
			isa = XCConfigurationList;
			buildConfigurations = (
				0883CA5A1CC4C9A90073193D /* Debug */,
				0883CA5B1CC4C9A90073193D /* Release */,
			);
			defaultConfigurationIsVisible = 0;
		};
/* End XCConfigurationList section */
	};
	rootObject = 0883CA4A1CC4C9A90073193D /* Project object */;
}
